
Microsoft Visual Studio Solution File, Format Version 12.00
# Visual Studio Version 17
VisualStudioVersion = 17.0.31903.59
MinimumVisualStudioVersion = 10.0.40219.1
Project("{2150E333-8FDC-42A3-9474-1A3956D46DE8}") = "src", "src", "{827E0CD3-B72D-47B6-A68D-7590B98EB39B}"
EndProject
Project("{FAE04EC0-301F-11D3-BF4B-00C04F79EFBC}") = "Harken.Core", "src\Harken.Core\Harken.Core.csproj", "{428C8CFF-E52A-4E9C-86E6-D51509E9BB30}"
EndProject
Project("{FAE04EC0-301F-11D3-BF4B-00C04F79EFBC}") = "Harken.Api", "src\Harken.Api\Harken.Api.csproj", "{CABA0812-7D98-4D48-AA8C-C89EE8D3446D}"
EndProject
Project("{FAE04EC0-301F-11D3-BF4B-00C04F79EFBC}") = "Harken.Console", "src\Harken.Console\Harken.Console.csproj", "{5399B3A6-6E36-4EE7-B671-A9AAD48BF915}"
EndProject
Project("{2150E333-8FDC-42A3-9474-1A3956D46DE8}") = "tests", "tests", "{0AB3BF05-4346-4AA6-1389-037BE0695223}"
EndProject
Project("{FAE04EC0-301F-11D3-BF4B-00C04F79EFBC}") = "Harken.Api.IntegrationTests", "tests\Harken.Api.IntegrationTests\Harken.Api.IntegrationTests.csproj", "{A81BB254-F4F9-4900-9761-972CECDB1AA3}"
EndProject
Project("{FAE04EC0-301F-11D3-BF4B-00C04F79EFBC}") = "Harken.Mobile", "src\Harken.Mobile\Harken.Mobile.csproj", "{342FCF86-E842-4AA6-9125-531B80924BE2}"
EndProject
Global
	GlobalSection(SolutionConfigurationPlatforms) = preSolution
		Debug|Any CPU = Debug|Any CPU
		Debug|x64 = Debug|x64
		Debug|x86 = Debug|x86
		Release|Any CPU = Release|Any CPU
		Release|x64 = Release|x64
		Release|x86 = Release|x86
	EndGlobalSection
	GlobalSection(ProjectConfigurationPlatforms) = postSolution
		{428C8CFF-E52A-4E9C-86E6-D51509E9BB30}.Debug|Any CPU.ActiveCfg = Debug|Any CPU
		{428C8CFF-E52A-4E9C-86E6-D51509E9BB30}.Debug|Any CPU.Build.0 = Debug|Any CPU
		{428C8CFF-E52A-4E9C-86E6-D51509E9BB30}.Debug|x64.ActiveCfg = Debug|Any CPU
		{428C8CFF-E52A-4E9C-86E6-D51509E9BB30}.Debug|x64.Build.0 = Debug|Any CPU
		{428C8CFF-E52A-4E9C-86E6-D51509E9BB30}.Debug|x86.ActiveCfg = Debug|Any CPU
		{428C8CFF-E52A-4E9C-86E6-D51509E9BB30}.Debug|x86.Build.0 = Debug|Any CPU
		{428C8CFF-E52A-4E9C-86E6-D51509E9BB30}.Release|Any CPU.ActiveCfg = Release|Any CPU
		{428C8CFF-E52A-4E9C-86E6-D51509E9BB30}.Release|Any CPU.Build.0 = Release|Any CPU
		{428C8CFF-E52A-4E9C-86E6-D51509E9BB30}.Release|x64.ActiveCfg = Release|Any CPU
		{428C8CFF-E52A-4E9C-86E6-D51509E9BB30}.Release|x64.Build.0 = Release|Any CPU
		{428C8CFF-E52A-4E9C-86E6-D51509E9BB30}.Release|x86.ActiveCfg = Release|Any CPU
		{428C8CFF-E52A-4E9C-86E6-D51509E9BB30}.Release|x86.Build.0 = Release|Any CPU
		{CABA0812-7D98-4D48-AA8C-C89EE8D3446D}.Debug|Any CPU.ActiveCfg = Debug|Any CPU
		{CABA0812-7D98-4D48-AA8C-C89EE8D3446D}.Debug|Any CPU.Build.0 = Debug|Any CPU
		{CABA0812-7D98-4D48-AA8C-C89EE8D3446D}.Debug|x64.ActiveCfg = Debug|Any CPU
		{CABA0812-7D98-4D48-AA8C-C89EE8D3446D}.Debug|x64.Build.0 = Debug|Any CPU
		{CABA0812-7D98-4D48-AA8C-C89EE8D3446D}.Debug|x86.ActiveCfg = Debug|Any CPU
		{CABA0812-7D98-4D48-AA8C-C89EE8D3446D}.Debug|x86.Build.0 = Debug|Any CPU
		{CABA0812-7D98-4D48-AA8C-C89EE8D3446D}.Release|Any CPU.ActiveCfg = Release|Any CPU
		{CABA0812-7D98-4D48-AA8C-C89EE8D3446D}.Release|Any CPU.Build.0 = Release|Any CPU
		{CABA0812-7D98-4D48-AA8C-C89EE8D3446D}.Release|x64.ActiveCfg = Release|Any CPU
		{CABA0812-7D98-4D48-AA8C-C89EE8D3446D}.Release|x64.Build.0 = Release|Any CPU
		{CABA0812-7D98-4D48-AA8C-C89EE8D3446D}.Release|x86.ActiveCfg = Release|Any CPU
		{CABA0812-7D98-4D48-AA8C-C89EE8D3446D}.Release|x86.Build.0 = Release|Any CPU
		{5399B3A6-6E36-4EE7-B671-A9AAD48BF915}.Debug|Any CPU.ActiveCfg = Debug|Any CPU
		{5399B3A6-6E36-4EE7-B671-A9AAD48BF915}.Debug|Any CPU.Build.0 = Debug|Any CPU
		{5399B3A6-6E36-4EE7-B671-A9AAD48BF915}.Debug|x64.ActiveCfg = Debug|Any CPU
		{5399B3A6-6E36-4EE7-B671-A9AAD48BF915}.Debug|x64.Build.0 = Debug|Any CPU
		{5399B3A6-6E36-4EE7-B671-A9AAD48BF915}.Debug|x86.ActiveCfg = Debug|Any CPU
		{5399B3A6-6E36-4EE7-B671-A9AAD48BF915}.Debug|x86.Build.0 = Debug|Any CPU
		{5399B3A6-6E36-4EE7-B671-A9AAD48BF915}.Release|Any CPU.ActiveCfg = Release|Any CPU
		{5399B3A6-6E36-4EE7-B671-A9AAD48BF915}.Release|Any CPU.Build.0 = Release|Any CPU
		{5399B3A6-6E36-4EE7-B671-A9AAD48BF915}.Release|x64.ActiveCfg = Release|Any CPU
		{5399B3A6-6E36-4EE7-B671-A9AAD48BF915}.Release|x64.Build.0 = Release|Any CPU
		{5399B3A6-6E36-4EE7-B671-A9AAD48BF915}.Release|x86.ActiveCfg = Release|Any CPU
		{5399B3A6-6E36-4EE7-B671-A9AAD48BF915}.Release|x86.Build.0 = Release|Any CPU
		{A81BB254-F4F9-4900-9761-972CECDB1AA3}.Debug|Any CPU.ActiveCfg = Debug|Any CPU
		{A81BB254-F4F9-4900-9761-972CECDB1AA3}.Debug|Any CPU.Build.0 = Debug|Any CPU
		{A81BB254-F4F9-4900-9761-972CECDB1AA3}.Debug|x64.ActiveCfg = Debug|Any CPU
		{A81BB254-F4F9-4900-9761-972CECDB1AA3}.Debug|x64.Build.0 = Debug|Any CPU
		{A81BB254-F4F9-4900-9761-972CECDB1AA3}.Debug|x86.ActiveCfg = Debug|Any CPU
		{A81BB254-F4F9-4900-9761-972CECDB1AA3}.Debug|x86.Build.0 = Debug|Any CPU
		{A81BB254-F4F9-4900-9761-972CECDB1AA3}.Release|Any CPU.ActiveCfg = Release|Any CPU
		{A81BB254-F4F9-4900-9761-972CECDB1AA3}.Release|Any CPU.Build.0 = Release|Any CPU
		{A81BB254-F4F9-4900-9761-972CECDB1AA3}.Release|x64.ActiveCfg = Release|Any CPU
		{A81BB254-F4F9-4900-9761-972CECDB1AA3}.Release|x64.Build.0 = Release|Any CPU
		{A81BB254-F4F9-4900-9761-972CECDB1AA3}.Release|x86.ActiveCfg = Release|Any CPU
		{A81BB254-F4F9-4900-9761-972CECDB1AA3}.Release|x86.Build.0 = Release|Any CPU
		{342FCF86-E842-4AA6-9125-531B80924BE2}.Debug|Any CPU.ActiveCfg = Debug|Any CPU
		{342FCF86-E842-4AA6-9125-531B80924BE2}.Debug|Any CPU.Build.0 = Debug|Any CPU
		{342FCF86-E842-4AA6-9125-531B80924BE2}.Debug|x64.ActiveCfg = Debug|Any CPU
		{342FCF86-E842-4AA6-9125-531B80924BE2}.Debug|x64.Build.0 = Debug|Any CPU
		{342FCF86-E842-4AA6-9125-531B80924BE2}.Debug|x86.ActiveCfg = Debug|Any CPU
		{342FCF86-E842-4AA6-9125-531B80924BE2}.Debug|x86.Build.0 = Debug|Any CPU
		{342FCF86-E842-4AA6-9125-531B80924BE2}.Release|Any CPU.ActiveCfg = Release|Any CPU
		{342FCF86-E842-4AA6-9125-531B80924BE2}.Release|Any CPU.Build.0 = Release|Any CPU
		{342FCF86-E842-4AA6-9125-531B80924BE2}.Release|x64.ActiveCfg = Release|Any CPU
		{342FCF86-E842-4AA6-9125-531B80924BE2}.Release|x64.Build.0 = Release|Any CPU
		{342FCF86-E842-4AA6-9125-531B80924BE2}.Release|x86.ActiveCfg = Release|Any CPU
		{342FCF86-E842-4AA6-9125-531B80924BE2}.Release|x86.Build.0 = Release|Any CPU
	EndGlobalSection
	GlobalSection(SolutionProperties) = preSolution
		HideSolutionNode = FALSE
	EndGlobalSection
	GlobalSection(NestedProjects) = preSolution
		{428C8CFF-E52A-4E9C-86E6-D51509E9BB30} = {827E0CD3-B72D-47B6-A68D-7590B98EB39B}
		{CABA0812-7D98-4D48-AA8C-C89EE8D3446D} = {827E0CD3-B72D-47B6-A68D-7590B98EB39B}
		{5399B3A6-6E36-4EE7-B671-A9AAD48BF915} = {827E0CD3-B72D-47B6-A68D-7590B98EB39B}
		{A81BB254-F4F9-4900-9761-972CECDB1AA3} = {0AB3BF05-4346-4AA6-1389-037BE0695223}
		{342FCF86-E842-4AA6-9125-531B80924BE2} = {827E0CD3-B72D-47B6-A68D-7590B98EB39B}
	EndGlobalSection
EndGlobal
